
Microsoft Visual Studio Solution File, Format Version 12.00
# Visual Studio Version 16
VisualStudioVersion = 16.0.30406.217
MinimumVisualStudioVersion = 10.0.40219.1
Project("{FAE04EC0-301F-11D3-BF4B-00C04F79EFBC}") = "project13", "project13\project13.csproj", "{C550909E-011D-4D71-91A9-C6512E8AD2A4}"
EndProject
Project("{54435603-DBB4-11D2-8724-00A0C9A8B90C}") = "Netcad Project", "Netcad Project\Netcad Project.vdproj", "{A44A9373-3DCB-45E8-B3E5-8C61D891C45B}"
EndProject
Global
	GlobalSection(SolutionConfigurationPlatforms) = preSolution
		Debug|Any CPU = Debug|Any CPU
		Release|Any CPU = Release|Any CPU
	EndGlobalSection
	GlobalSection(ProjectConfigurationPlatforms) = postSolution
		{C550909E-011D-4D71-91A9-C6512E8AD2A4}.Debug|Any CPU.ActiveCfg = Debug|Any CPU
		{C550909E-011D-4D71-91A9-C6512E8AD2A4}.Debug|Any CPU.Build.0 = Debug|Any CPU
		{C550909E-011D-4D71-91A9-C6512E8AD2A4}.Release|Any CPU.ActiveCfg = Release|Any CPU
		{C550909E-011D-4D71-91A9-C6512E8AD2A4}.Release|Any CPU.Build.0 = Release|Any CPU
		{A44A9373-3DCB-45E8-B3E5-8C61D891C45B}.Debug|Any CPU.ActiveCfg = Debug
		{A44A9373-3DCB-45E8-B3E5-8C61D891C45B}.Release|Any CPU.ActiveCfg = Release
	EndGlobalSection
	GlobalSection(SolutionProperties) = preSolution
		HideSolutionNode = FALSE
	EndGlobalSection
	GlobalSection(ExtensibilityGlobals) = postSolution
		SolutionGuid = {F5534B79-3D42-4AB7-9E8D-130C632B9CF4}
	EndGlobalSection
EndGlobal
